
Microsoft Visual Studio Solution File, Format Version 12.00
# Visual Studio Version 16
VisualStudioVersion = 16.0.32413.511
MinimumVisualStudioVersion = 10.0.40219.1
Project("{FAE04EC0-301F-11D3-BF4B-00C04F79EFBC}") = "Pessoas", "Pessoas\Pessoas.csproj", "{D2A0553C-7BC8-4D17-8BC9-A5FDB98071C4}"
EndProject
Global
	GlobalSection(SolutionConfigurationPlatforms) = preSolution
		Debug|Any CPU = Debug|Any CPU
		Release|Any CPU = Release|Any CPU
	EndGlobalSection
	GlobalSection(ProjectConfigurationPlatforms) = postSolution
		{D2A0553C-7BC8-4D17-8BC9-A5FDB98071C4}.Debug|Any CPU.ActiveCfg = Debug|Any CPU
		{D2A0553C-7BC8-4D17-8BC9-A5FDB98071C4}.Debug|Any CPU.Build.0 = Debug|Any CPU
		{D2A0553C-7BC8-4D17-8BC9-A5FDB98071C4}.Release|Any CPU.ActiveCfg = Release|Any CPU
		{D2A0553C-7BC8-4D17-8BC9-A5FDB98071C4}.Release|Any CPU.Build.0 = Release|Any CPU
	EndGlobalSection
	GlobalSection(SolutionProperties) = preSolution
		HideSolutionNode = FALSE
	EndGlobalSection
	GlobalSection(ExtensibilityGlobals) = postSolution
		SolutionGuid = {4F5C18B6-ABD8-48CA-B2EC-CCED96EBEB70}
	EndGlobalSection
EndGlobal
